
Microsoft Visual Studio Solution File, Format Version 12.00
# Visual Studio Version 17
VisualStudioVersion = 17.3.32929.385
MinimumVisualStudioVersion = 10.0.40219.1
Project("{9A19103F-16F7-4668-BE54-9A1E7A4F7556}") = "Dynamicweb.DataIntegration.Providers.CsvProvider", "src\Dynamicweb.DataIntegration.Providers.CsvProvider.csproj", "{033DE0B5-09A1-4AED-98BF-D0E1EF6C260E}"
EndProject
Global
	GlobalSection(SolutionConfigurationPlatforms) = preSolution
		Debug|Any CPU = Debug|Any CPU
		Release|Any CPU = Release|Any CPU
	EndGlobalSection
	GlobalSection(ProjectConfigurationPlatforms) = postSolution
		{033DE0B5-09A1-4AED-98BF-D0E1EF6C260E}.Debug|Any CPU.ActiveCfg = Debug|Any CPU
		{033DE0B5-09A1-4AED-98BF-D0E1EF6C260E}.Debug|Any CPU.Build.0 = Debug|Any CPU
		{033DE0B5-09A1-4AED-98BF-D0E1EF6C260E}.Release|Any CPU.ActiveCfg = Release|Any CPU
		{033DE0B5-09A1-4AED-98BF-D0E1EF6C260E}.Release|Any CPU.Build.0 = Release|Any CPU
	EndGlobalSection
	GlobalSection(SolutionProperties) = preSolution
		HideSolutionNode = FALSE
	EndGlobalSection
	GlobalSection(ExtensibilityGlobals) = postSolution
		SolutionGuid = {902C4F80-1155-4A1C-B99D-CA7B46143088}
	EndGlobalSection
EndGlobal
